github.com/bahlo/generic-list-go v0.2.0 h1:5sz/EEAK+ls5wF+NeqDpk5+iNdMDXrh3z3nPnH1Wvgk=
github.com/bahlo/generic-list-go v0.2.0/go.mod h1:2KvAjgMlE5NNynlg/5iLrrCCZ2+5xWbdbCW3pNTGyYg=
github.com/matryer/is v1.4.0 h1:sosSmIWwkYITGrxZ25ULNDeKiMNzFSr4V/eqBQP0PeE=
github.com/matryer/is v1.4.0/go.mod h1:8I/i5uYgLzgsgEloJE1U6xx5HkBQpAZvepWuujKwMRU=
github.com/wk8/go-ordered-map/v2 v2.0.0 h1:jWOAU/F5AkYb8jr/rkVPe418g7nf2CZBzyfOR4Y7Q1w=
github.com/wk8/go-ordered-map/v2 v2.0.0/go.mod h1:fGIuB3GmY3JZP6L3t5riKtaSH9u13IYVYvar5Ee+9lM=
